<?xml version="1.0" encoding="utf-8"?>
<Project ToolsVersion="4.0" xmlns="http://schemas.microsoft.com/developer/msbuild/2003">
  <ItemGroup>
    <Filter Include="Source Files">
      <UniqueIdentifier>{4FC737F1-C7A5-4376-A066-2A32D752A2FF}</UniqueIdentifier>
      <Extensions>cpp;c;cc;cxx;def;odl;idl;hpj;bat;asm;asmx</Extensions>
    </Filter>
    <Filter Include="Header Files">
      <UniqueIdentifier>{93995380-89BD-4b04-88EB-625FBE52EBFB}</UniqueIdentifier>
      <Extensions>h;hh;hpp;hxx;hm;inl;inc;xsd</Extensions>
    </Filter>
    <Filter Include="Resource Files">
      <UniqueIdentifier>{D9D6E242-F8AF-46E4-B9FD-80ECBC20BA3E}</UniqueIdentifier>
      <Extensions>qrc;*</Extensions>
      <ParseFiles>false</ParseFiles>
    </Filter>
    <Filter Include="Form Files">
      <UniqueIdentifier>{99349809-55BA-4b9d-BF79-8FDBB0286EB3}</UniqueIdentifier>
      <Extensions>ui</Extensions>
    </Filter>
    <Filter Include="Resource Files">
      <UniqueIdentifier>{D9D6E242-F8AF-46E4-B9FD-80ECBC20BA3E}</UniqueIdentifier>
      <Extensions>qrc;*</Extensions>
      <ParseFiles>false</ParseFiles>
    </Filter>
    <Filter Include="Generated Files">
      <UniqueIdentifier>{71ED8ED8-ACB9-4CE9-BBE1-E00B30144E11}</UniqueIdentifier>
      <Extensions>moc;h;cpp</Extensions>
      <SourceControlFiles>False</SourceControlFiles>
    </Filter>
    <Filter Include="Generated Files\Release">
      <UniqueIdentifier>{7d899cca-4551-4e84-9b6a-a9cc601552b4}</UniqueIdentifier>
    </Filter>
    <Filter Include="Source Files\UiWidget">
      <UniqueIdentifier>{fee95e07-c5c4-4c23-8964-c40a4fcfebb2}</UniqueIdentifier>
    </Filter>
    <Filter Include="Header Files\UiWidget">
      <UniqueIdentifier>{72dbc07c-4a02-4601-a4ca-73373f94e513}</UniqueIdentifier>
    </Filter>
  </ItemGroup>
  <ItemGroup>
    <ClCompile Include="main.cpp">
      <Filter>Source Files</Filter>
    </ClCompile>
    <ClCompile Include="wx.cpp">
      <Filter>Source Files</Filter>
    </ClCompile>
    <ClCompile Include="GeneratedFiles\qrc_wx.cpp">
      <Filter>Generated Files</Filter>
    </ClCompile>
    <ClCompile Include="QGoodsData.cpp">
      <Filter>Source Files</Filter>
    </ClCompile>
    <ClCompile Include="QwxLog.cpp">
      <Filter>Source Files</Filter>
    </ClCompile>
    <ClCompile Include="QwxSetting.cpp">
      <Filter>Source Files</Filter>
    </ClCompile>
    <ClCompile Include="QGuiWxSetting.cpp">
      <Filter>Source Files</Filter>
    </ClCompile>
    <ClCompile Include="QGuiViewport.cpp">
      <Filter>Source Files</Filter>
    </ClCompile>
    <ClCompile Include="QGuiTabWidgetInputData.cpp">
      <Filter>Source Files</Filter>
    </ClCompile>
    <ClCompile Include="QwxData.cpp">
      <Filter>Source Files</Filter>
    </ClCompile>
    <ClCompile Include="QGuiCharts.cpp">
      <Filter>Source Files</Filter>
    </ClCompile>
    <ClCompile Include="QWxLogin.cpp">
      <Filter>Source Files</Filter>
    </ClCompile>
    <ClCompile Include="GeneratedFiles\Release\moc_QGoodsData.cpp">
      <Filter>Generated Files\Release</Filter>
    </ClCompile>
    <ClCompile Include="GeneratedFiles\Release\moc_QGuiCharts.cpp">
      <Filter>Generated Files\Release</Filter>
    </ClCompile>
    <ClCompile Include="GeneratedFiles\Release\moc_QGuiTabWidgetInputData.cpp">
      <Filter>Generated Files\Release</Filter>
    </ClCompile>
    <ClCompile Include="GeneratedFiles\Release\moc_QGuiViewport.cpp">
      <Filter>Generated Files\Release</Filter>
    </ClCompile>
    <ClCompile Include="GeneratedFiles\Release\moc_QGuiWxSetting.cpp">
      <Filter>Generated Files\Release</Filter>
    </ClCompile>
    <ClCompile Include="GeneratedFiles\Release\moc_QProgressWidget.cpp">
      <Filter>Generated Files\Release</Filter>
    </ClCompile>
    <ClCompile Include="GeneratedFiles\Release\moc_QwxData.cpp">
      <Filter>Generated Files\Release</Filter>
    </ClCompile>
    <ClCompile Include="GeneratedFiles\Release\moc_QwxLog.cpp">
      <Filter>Generated Files\Release</Filter>
    </ClCompile>
    <ClCompile Include="GeneratedFiles\Release\moc_QWxLogin.cpp">
      <Filter>Generated Files\Release</Filter>
    </ClCompile>
    <ClCompile Include="GeneratedFiles\Release\moc_QwxSetting.cpp">
      <Filter>Generated Files\Release</Filter>
    </ClCompile>
    <ClCompile Include="GeneratedFiles\Release\moc_wx.cpp">
      <Filter>Generated Files\Release</Filter>
    </ClCompile>
    <ClCompile Include="QProgressWidget.cpp">
      <Filter>Source Files\UiWidget</Filter>
    </ClCompile>
    <ClCompile Include="SHA1.cpp">
      <Filter>Source Files</Filter>
    </ClCompile>
  </ItemGroup>
  <ItemGroup>
    <CustomBuild Include="wx.h">
      <Filter>Header Files</Filter>
    </CustomBuild>
    <CustomBuild Include="wx.ui">
      <Filter>Form Files</Filter>
    </CustomBuild>
    <CustomBuild Include="wx.qrc">
      <Filter>Resource Files</Filter>
    </CustomBuild>
    <CustomBuild Include="QGoodsData.h">
      <Filter>Header Files</Filter>
    </CustomBuild>
    <CustomBuild Include="QwxLog.h">
      <Filter>Header Files</Filter>
    </CustomBuild>
    <CustomBuild Include="QwxSetting.h">
      <Filter>Header Files</Filter>
    </CustomBuild>
    <CustomBuild Include="QGuiWxSetting.h">
      <Filter>Header Files</Filter>
    </CustomBuild>
    <CustomBuild Include="QGuiWxSetting.ui">
      <Filter>Form Files</Filter>
    </CustomBuild>
    <CustomBuild Include="QGuiViewport.h">
      <Filter>Header Files</Filter>
    </CustomBuild>
    <CustomBuild Include="QGuiViewport.ui">
      <Filter>Form Files</Filter>
    </CustomBuild>
    <CustomBuild Include="QGuiTabWidgetInputData.h">
      <Filter>Header Files</Filter>
    </CustomBuild>
    <CustomBuild Include="QGuiTabWidgetInputData.ui">
      <Filter>Form Files</Filter>
    </CustomBuild>
    <CustomBuild Include="QwxData.h">
      <Filter>Header Files</Filter>
    </CustomBuild>
    <CustomBuild Include="QGuiCharts.h">
      <Filter>Header Files</Filter>
    </CustomBuild>
    <CustomBuild Include="QGuiCharts.ui">
      <Filter>Form Files</Filter>
    </CustomBuild>
    <CustomBuild Include="QWxLogin.h">
      <Filter>Header Files</Filter>
    </CustomBuild>
    <CustomBuild Include="QWxLogin.ui">
      <Filter>Form Files</Filter>
    </CustomBuild>
    <CustomBuild Include="QProgressWidget.h">
      <Filter>Header Files\UiWidget</Filter>
    </CustomBuild>
  </ItemGroup>
  <ItemGroup>
    <ClInclude Include="GeneratedFiles\ui_wx.h">
      <Filter>Generated Files</Filter>
    </ClInclude>
    <ClInclude Include="resource.h">
      <Filter>Header Files</Filter>
    </ClInclude>
    <ClInclude Include="GeneratedFiles\ui_QGuiWxSetting.h">
      <Filter>Generated Files</Filter>
    </ClInclude>
    <ClInclude Include="GeneratedFiles\ui_QGuiViewport.h">
      <Filter>Generated Files</Filter>
    </ClInclude>
    <ClInclude Include="GeneratedFiles\ui_QGuiTabWidgetInputData.h">
      <Filter>Generated Files</Filter>
    </ClInclude>
    <ClInclude Include="GeneratedFiles\ui_QGuiCharts.h">
      <Filter>Generated Files</Filter>
    </ClInclude>
    <ClInclude Include="GeneratedFiles\ui_QWxLogin.h">
      <Filter>Generated Files</Filter>
    </ClInclude>
    <ClInclude Include="SHA1.h">
      <Filter>Header Files</Filter>
    </ClInclude>
  </ItemGroup>
  <ItemGroup>
    <ResourceCompile Include="wx.rc" />
  </ItemGroup>
  <ItemGroup>
    <Image Include="icon\huanhuan.ico" />
  </ItemGroup>
</Project>